# This file was autogenerated by Stack.
# You should not edit this file by hand.
# For more information, please see the documentation at:
#   https://docs.haskellstack.org/en/stable/lock_files

packages:
- completed:
    hackage: dirstream-1.0.3@sha256:ec01f3ec332f0bf3e3ab4c450f4c9f8745e0c30603b2c25a869d4e6c9a716f3c,1371
    pantry-tree:
      size: 215
      sha256: 02c8544d53106dc3442872dbff96625293717d11765da85244c4b3d38f0ff381
  original:
    hackage: dirstream-1.0.3
snapshots:
- completed:
    size: 507208
    url: https://raw.githubusercontent.com/commercialhaskell/stackage-snapshots/master/lts/11/6.yaml
    sha256: 99d52f009dc5a53ac61ffc4e6044f910ca7b28b4596b6962135a48e8c7d3d093
  original: lts-11.6
